
Microsoft Visual Studio Solution File, Format Version 12.00
# Visual Studio Version 17
VisualStudioVersion = 17.0.31912.275
MinimumVisualStudioVersion = 10.0.40219.1
Project("{9A19103F-16F7-4668-BE54-9A1E7A4F7556}") = "Tokens.API", "Tokens.API\Tokens.API.csproj", "{404C0290-6CCF-4A57-87EA-C7747D85372D}"
EndProject
Project("{9A19103F-16F7-4668-BE54-9A1E7A4F7556}") = "Tokens.Application", "Tokens.Application\Tokens.Application.csproj", "{75F9410D-E670-4FEB-8020-F18283A60A5F}"
EndProject
Project("{9A19103F-16F7-4668-BE54-9A1E7A4F7556}") = "Tokens.Application.Tests", "Tokens.Application.Tests\Tokens.Application.Tests.csproj", "{74BA6FDB-1401-4BD0-BF05-E8D41909EE4C}"
EndProject
Project("{9A19103F-16F7-4668-BE54-9A1E7A4F7556}") = "Tokens.Domain", "Tokens.Domain\Tokens.Domain.csproj", "{9365B098-8D4B-4503-B6E4-AA42B961C7C7}"
EndProject
Project("{9A19103F-16F7-4668-BE54-9A1E7A4F7556}") = "Tokens.Infrastructure", "Tokens.Infrastructure\Tokens.Infrastructure.csproj", "{899725BD-6A51-4317-B397-6FCFFE8F4065}"
EndProject
Project("{2150E333-8FDC-42A3-9474-1A3956D46DE8}") = "src", "src", "{993FC9C2-81BD-4547-8C09-966DF92D6117}"
EndProject
Project("{2150E333-8FDC-42A3-9474-1A3956D46DE8}") = "test", "test", "{CC279E48-D475-4ADD-AFE1-9A0B1D823E48}"
EndProject
Global
	GlobalSection(SolutionConfigurationPlatforms) = preSolution
		Debug|Any CPU = Debug|Any CPU
		Release|Any CPU = Release|Any CPU
	EndGlobalSection
	GlobalSection(ProjectConfigurationPlatforms) = postSolution
		{404C0290-6CCF-4A57-87EA-C7747D85372D}.Debug|Any CPU.ActiveCfg = Debug|Any CPU
		{404C0290-6CCF-4A57-87EA-C7747D85372D}.Debug|Any CPU.Build.0 = Debug|Any CPU
		{404C0290-6CCF-4A57-87EA-C7747D85372D}.Release|Any CPU.ActiveCfg = Release|Any CPU
		{404C0290-6CCF-4A57-87EA-C7747D85372D}.Release|Any CPU.Build.0 = Release|Any CPU
		{75F9410D-E670-4FEB-8020-F18283A60A5F}.Debug|Any CPU.ActiveCfg = Debug|Any CPU
		{75F9410D-E670-4FEB-8020-F18283A60A5F}.Debug|Any CPU.Build.0 = Debug|Any CPU
		{75F9410D-E670-4FEB-8020-F18283A60A5F}.Release|Any CPU.ActiveCfg = Release|Any CPU
		{75F9410D-E670-4FEB-8020-F18283A60A5F}.Release|Any CPU.Build.0 = Release|Any CPU
		{74BA6FDB-1401-4BD0-BF05-E8D41909EE4C}.Debug|Any CPU.ActiveCfg = Debug|Any CPU
		{74BA6FDB-1401-4BD0-BF05-E8D41909EE4C}.Debug|Any CPU.Build.0 = Debug|Any CPU
		{74BA6FDB-1401-4BD0-BF05-E8D41909EE4C}.Release|Any CPU.ActiveCfg = Release|Any CPU
		{74BA6FDB-1401-4BD0-BF05-E8D41909EE4C}.Release|Any CPU.Build.0 = Release|Any CPU
		{9365B098-8D4B-4503-B6E4-AA42B961C7C7}.Debug|Any CPU.ActiveCfg = Debug|Any CPU
		{9365B098-8D4B-4503-B6E4-AA42B961C7C7}.Debug|Any CPU.Build.0 = Debug|Any CPU
		{9365B098-8D4B-4503-B6E4-AA42B961C7C7}.Release|Any CPU.ActiveCfg = Release|Any CPU
		{9365B098-8D4B-4503-B6E4-AA42B961C7C7}.Release|Any CPU.Build.0 = Release|Any CPU
		{899725BD-6A51-4317-B397-6FCFFE8F4065}.Debug|Any CPU.ActiveCfg = Debug|Any CPU
		{899725BD-6A51-4317-B397-6FCFFE8F4065}.Debug|Any CPU.Build.0 = Debug|Any CPU
		{899725BD-6A51-4317-B397-6FCFFE8F4065}.Release|Any CPU.ActiveCfg = Release|Any CPU
		{899725BD-6A51-4317-B397-6FCFFE8F4065}.Release|Any CPU.Build.0 = Release|Any CPU
	EndGlobalSection
	GlobalSection(SolutionProperties) = preSolution
		HideSolutionNode = FALSE
	EndGlobalSection
	GlobalSection(NestedProjects) = preSolution
		{404C0290-6CCF-4A57-87EA-C7747D85372D} = {993FC9C2-81BD-4547-8C09-966DF92D6117}
		{75F9410D-E670-4FEB-8020-F18283A60A5F} = {993FC9C2-81BD-4547-8C09-966DF92D6117}
		{74BA6FDB-1401-4BD0-BF05-E8D41909EE4C} = {CC279E48-D475-4ADD-AFE1-9A0B1D823E48}
		{9365B098-8D4B-4503-B6E4-AA42B961C7C7} = {993FC9C2-81BD-4547-8C09-966DF92D6117}
		{899725BD-6A51-4317-B397-6FCFFE8F4065} = {993FC9C2-81BD-4547-8C09-966DF92D6117}
	EndGlobalSection
	GlobalSection(ExtensibilityGlobals) = postSolution
		SolutionGuid = {C59F3C42-BD73-47B8-9097-CD27E41F2FA4}
	EndGlobalSection
EndGlobal
